
Microsoft Visual Studio Solution File, Format Version 12.00
# Visual Studio 15
VisualStudioVersion = 15.0.27130.2036
MinimumVisualStudioVersion = 10.0.40219.1
Project("{8BC9CEB8-8B4A-11D0-8D11-00A0C91BC942}") = "HeapManager", "HeapManager\HeapManager.vcxproj", "{8AC8777C-889E-4970-AD19-B8ABB798FF0E}"
EndProject
Global
	GlobalSection(SolutionConfigurationPlatforms) = preSolution
		Debug|x64 = Debug|x64
		Debug|x86 = Debug|x86
		Release|x64 = Release|x64
		Release|x86 = Release|x86
	EndGlobalSection
	GlobalSection(ProjectConfigurationPlatforms) = postSolution
		{8AC8777C-889E-4970-AD19-B8ABB798FF0E}.Debug|x64.ActiveCfg = Debug|x64
		{8AC8777C-889E-4970-AD19-B8ABB798FF0E}.Debug|x64.Build.0 = Debug|x64
		{8AC8777C-889E-4970-AD19-B8ABB798FF0E}.Debug|x86.ActiveCfg = Debug|Win32
		{8AC8777C-889E-4970-AD19-B8ABB798FF0E}.Debug|x86.Build.0 = Debug|Win32
		{8AC8777C-889E-4970-AD19-B8ABB798FF0E}.Release|x64.ActiveCfg = Release|x64
		{8AC8777C-889E-4970-AD19-B8ABB798FF0E}.Release|x64.Build.0 = Release|x64
		{8AC8777C-889E-4970-AD19-B8ABB798FF0E}.Release|x86.ActiveCfg = Release|Win32
		{8AC8777C-889E-4970-AD19-B8ABB798FF0E}.Release|x86.Build.0 = Release|Win32
	EndGlobalSection
	GlobalSection(SolutionProperties) = preSolution
		HideSolutionNode = FALSE
	EndGlobalSection
	GlobalSection(ExtensibilityGlobals) = postSolution
		SolutionGuid = {D23EA95A-2F5F-46D6-91D0-EF42C24F9DFD}
	EndGlobalSection
EndGlobal
